// !$*UTF8*$!
{
	archiveVersion = 1;
	classes = {
	};
	objectVersion = 50;
	objects = {

/* Begin PBXBuildFile section */
		667BBBB226E3FE3B00D474A8 /* DragGestureAppApp.swift in Sources */ = {isa = PBXBuildFile; fileRef = 667BBBB126E3FE3B00D474A8 /* DragGestureAppApp.swift */; };
		667BBBB426E3FE3B00D474A8 /* ContentView.swift in Sources */ = {isa = PBXBuildFile; fileRef = 667BBBB326E3FE3B00D474A8 /* ContentView.swift */; };
		667BBBB626E3FE3C00D474A8 /* Assets.xcassets in Resources */ = {isa = PBXBuildFile; fileRef = 667BBBB526E3FE3C00D474A8 /* Assets.xcassets */; };
		667BBBB926E3FE3D00D474A8 /* Preview Assets.xcassets in Resources */ = {isa = PBXBuildFile; fileRef = 667BBBB826E3FE3D00D474A8 /* Preview Assets.xcassets */; };
		667BBBC126E3FEB400D474A8 /* SignUpView.swift in Sources */ = {isa = PBXBuildFile; fileRef = 667BBBC026E3FEB400D474A8 /* SignUpView.swift */; };
/* End PBXBuildFile section */

/* Begin PBXFileReference section */
		667BBBAE26E3FE3B00D474A8 /* DragGestureApp.app */ = {isa = PBXFileReference; explicitFileType = wrapper.application; includeInIndex = 0; path = DragGestureApp.app; sourceTree = BUILT_PRODUCTS_DIR; };
		667BBBB126E3FE3B00D474A8 /* DragGestureAppApp.swift */ = {isa = PBXFileReference; lastKnownFileType = sourcecode.swift; path = DragGestureAppApp.swift; sourceTree = "<group>"; };
		667BBBB326E3FE3B00D474A8 /* ContentView.swift */ = {isa = PBXFileReference; lastKnownFileType = sourcecode.swift; path = ContentView.swift; sourceTree = "<group>"; };
		667BBBB526E3FE3C00D474A8 /* Assets.xcassets */ = {isa = PBXFileReference; lastKnownFileType = folder.assetcatalog; path = Assets.xcassets; sourceTree = "<group>"; };
		667BBBB826E3FE3D00D474A8 /* Preview Assets.xcassets */ = {isa = PBXFileReference; lastKnownFileType = folder.assetcatalog; path = "Preview Assets.xcassets"; sourceTree = "<group>"; };
		667BBBBA26E3FE3D00D474A8 /* Info.plist */ = {isa = PBXFileReference; lastKnownFileType = text.plist.xml; path = Info.plist; sourceTree = "<group>"; };
		667BBBC026E3FEB400D474A8 /* SignUpView.swift */ = {isa = PBXFileReference; lastKnownFileType = sourcecode.swift; path = SignUpView.swift; sourceTree = "<group>"; };
/* End PBXFileReference section */

/* Begin PBXFrameworksBuildPhase section */
		667BBBAB26E3FE3B00D474A8 /* Frameworks */ = {
			isa = PBXFrameworksBuildPhase;
			buildActionMask = 2147483647;
			files = (
			);
			runOnlyForDeploymentPostprocessing = 0;
		};
/* End PBXFrameworksBuildPhase section */

/* Begin PBXGroup section */
		667BBBA526E3FE3B00D474A8 = {
			isa = PBXGroup;
			children = (
				667BBBB026E3FE3B00D474A8 /* DragGestureApp */,
				667BBBAF26E3FE3B00D474A8 /* Products */,
			);
			sourceTree = "<group>";
		};
		667BBBAF26E3FE3B00D474A8 /* Products */ = {
			isa = PBXGroup;
			children = (
				667BBBAE26E3FE3B00D474A8 /* DragGestureApp.app */,
			);
			name = Products;
			sourceTree = "<group>";
		};
		667BBBB026E3FE3B00D474A8 /* DragGestureApp */ = {
			isa = PBXGroup;
			children = (
				667BBBB126E3FE3B00D474A8 /* DragGestureAppApp.swift */,
				667BBBB326E3FE3B00D474A8 /* ContentView.swift */,
				667BBBC026E3FEB400D474A8 /* SignUpView.swift */,
				667BBBB526E3FE3C00D474A8 /* Assets.xcassets */,
				667BBBBA26E3FE3D00D474A8 /* Info.plist */,
				667BBBB726E3FE3D00D474A8 /* Preview Content */,
			);
			path = DragGestureApp;
			sourceTree = "<group>";
		};
		667BBBB726E3FE3D00D474A8 /* Preview Content */ = {
			isa = PBXGroup;
			children = (
				667BBBB826E3FE3D00D474A8 /* Preview Assets.xcassets */,
			);
			path = "Preview Content";
			sourceTree = "<group>";
		};
/* End PBXGroup section */

/* Begin PBXNativeTarget section */
		667BBBAD26E3FE3B00D474A8 /* DragGestureApp */ = {
			isa = PBXNativeTarget;
			buildConfigurationList = 667BBBBD26E3FE3D00D474A8 /* Build configuration list for PBXNativeTarget "DragGestureApp" */;
			buildPhases = (
				667BBBAA26E3FE3B00D474A8 /* Sources */,
				667BBBAB26E3FE3B00D474A8 /* Frameworks */,
				667BBBAC26E3FE3B00D474A8 /* Resources */,
			);
			buildRules = (
			);
			dependencies = (
			);
			name = DragGestureApp;
			productName = DragGestureApp;
			productReference = 667BBBAE26E3FE3B00D474A8 /* DragGestureApp.app */;
			productType = "com.apple.product-type.application";
		};
/* End PBXNativeTarget section */

/* Begin PBXProject section */
		667BBBA626E3FE3B00D474A8 /* Project object */ = {
			isa = PBXProject;
			attributes = {
				LastSwiftUpdateCheck = 1250;
				LastUpgradeCheck = 1250;
				TargetAttributes = {
					667BBBAD26E3FE3B00D474A8 = {
						CreatedOnToolsVersion = 12.5.1;
					};
				};
			};
			buildConfigurationList = 667BBBA926E3FE3B00D474A8 /* Build configuration list for PBXProject "DragGestureApp" */;
			compatibilityVersion = "Xcode 9.3";
			developmentRegion = en;
			hasScannedForEncodings = 0;
			knownRegions = (
				en,
				Base,
			);
			mainGroup = 667BBBA526E3FE3B00D474A8;
			productRefGroup = 667BBBAF26E3FE3B00D474A8 /* Products */;
			projectDirPath = "";
			projectRoot = "";
			targets = (
				667BBBAD26E3FE3B00D474A8 /* DragGestureApp */,
			);
		};
/* End PBXProject section */

/* Begin PBXResourcesBuildPhase section */
		667BBBAC26E3FE3B00D474A8 /* Resources */ = {
			isa = PBXResourcesBuildPhase;
			buildActionMask = 2147483647;
			files = (
				667BBBB926E3FE3D00D474A8 /* Preview Assets.xcassets in Resources */,
				667BBBB626E3FE3C00D474A8 /* Assets.xcassets in Resources */,
			);
			runOnlyForDeploymentPostprocessing = 0;
		};
/* End PBXResourcesBuildPhase section */

/* Begin PBXSourcesBuildPhase section */
		667BBBAA26E3FE3B00D474A8 /* Sources */ = {
			isa = PBXSourcesBuildPhase;
			buildActionMask = 2147483647;
			files = (
				667BBBB426E3FE3B00D474A8 /* ContentView.swift in Sources */,
				667BBBC126E3FEB400D474A8 /* SignUpView.swift in Sources */,
				667BBBB226E3FE3B00D474A8 /* DragGestureAppApp.swift in Sources */,
			);
			runOnlyForDeploymentPostprocessing = 0;
		};
/* End PBXSourcesBuildPhase section */

/* Begin XCBuildConfiguration section */
		667BBBBB26E3FE3D00D474A8 /* Debug */ = {
			isa = XCBuildConfiguration;
			buildSettings = {
				ALWAYS_SEARCH_USER_PATHS = NO;
				CLANG_ANALYZER_NONNULL = YES;
				CLANG_ANALYZER_NUMBER_OBJECT_CONVERSION = YES_AGGRESSIVE;
				CLANG_CXX_LANGUAGE_STANDARD = "gnu++14";
				CLANG_CXX_LIBRARY = "libc++";
				CLANG_ENABLE_MODULES = YES;
				CLANG_ENABLE_OBJC_ARC = YES;
				CLANG_ENABLE_OBJC_WEAK = YES;
				CLANG_WARN_BLOCK_CAPTURE_AUTORELEASING = YES;
				CLANG_WARN_BOOL_CONVERSION = YES;
				CLANG_WARN_COMMA = YES;
				CLANG_WARN_CONSTANT_CONVERSION = YES;
				CLANG_WARN_DEPRECATED_OBJC_IMPLEMENTATIONS = YES;
				CLANG_WARN_DIRECT_OBJC_ISA_USAGE = YES_ERROR;
				CLANG_WARN_DOCUMENTATION_COMMENTS = YES;
				CLANG_WARN_EMPTY_BODY = YES;
				CLANG_WARN_ENUM_CONVERSION = YES;
				CLANG_WARN_INFINITE_RECURSION = YES;
				CLANG_WARN_INT_CONVERSION = YES;
				CLANG_WARN_NON_LITERAL_NULL_CONVERSION = YES;
				CLANG_WARN_OBJC_IMPLICIT_RETAIN_SELF = YES;
				CLANG_WARN_OBJC_LITERAL_CONVERSION = YES;
				CLANG_WARN_OBJC_ROOT_CLASS = YES_ERROR;
				CLANG_WARN_QUOTED_INCLUDE_IN_FRAMEWORK_HEADER = YES;
				CLANG_WARN_RANGE_LOOP_ANALYSIS = YES;
				CLANG_WARN_STRICT_PROTOTYPES = YES;
				CLANG_WARN_SUSPICIOUS_MOVE = YES;
				CLANG_WARN_UNGUARDED_AVAILABILITY = YES_AGGRESSIVE;
				CLANG_WARN_UNREACHABLE_CODE = YES;
				CLANG_WARN__DUPLICATE_METHOD_MATCH = YES;
				COPY_PHASE_STRIP = NO;
				DEBUG_INFORMATION_FORMAT = dwarf;
				ENABLE_STRICT_OBJC_MSGSEND = YES;
				ENABLE_TESTABILITY = YES;
				GCC_C_LANGUAGE_STANDARD = gnu11;
				GCC_DYNAMIC_NO_PIC = NO;
				GCC_NO_COMMON_BLOCKS = YES;
				GCC_OPTIMIZATION_LEVEL = 0;
				GCC_PREPROCESSOR_DEFINITIONS = (
					"DEBUG=1",
					"$(inherited)",
				);
				GCC_WARN_64_TO_32_BIT_CONVERSION = YES;
				GCC_WARN_ABOUT_RETURN_TYPE = YES_ERROR;
				GCC_WARN_UNDECLARED_SELECTOR = YES;
				GCC_WARN_UNINITIALIZED_AUTOS = YES_AGGRESSIVE;
				GCC_WARN_UNUSED_FUNCTION = YES;
				GCC_WARN_UNUSED_VARIABLE = YES;
				IPHONEOS_DEPLOYMENT_TARGET = 14.5;
				MTL_ENABLE_DEBUG_INFO = INCLUDE_SOURCE;
				MTL_FAST_MATH = YES;
				ONLY_ACTIVE_ARCH = YES;
				SDKROOT = iphoneos;
				SWIFT_ACTIVE_COMPILATION_CONDITIONS = DEBUG;
				SWIFT_OPTIMIZATION_LEVEL = "-Onone";
			};
			name = Debug;
		};
		667BBBBC26E3FE3D00D474A8 /* Release */ = {
			isa = XCBuildConfiguration;
			buildSettings = {
				ALWAYS_SEARCH_USER_PATHS = NO;
				CLANG_ANALYZER_NONNULL = YES;
				CLANG_ANALYZER_NUMBER_OBJECT_CONVERSION = YES_AGGRESSIVE;
				CLANG_CXX_LANGUAGE_STANDARD = "gnu++14";
				CLANG_CXX_LIBRARY = "libc++";
				CLANG_ENABLE_MODULES = YES;
				CLANG_ENABLE_OBJC_ARC = YES;
				CLANG_ENABLE_OBJC_WEAK = YES;
				CLANG_WARN_BLOCK_CAPTURE_AUTORELEASING = YES;
				CLANG_WARN_BOOL_CONVERSION = YES;
				CLANG_WARN_COMMA = YES;
				CLANG_WARN_CONSTANT_CONVERSION = YES;
				CLANG_WARN_DEPRECATED_OBJC_IMPLEMENTATIONS = YES;
				CLANG_WARN_DIRECT_OBJC_ISA_USAGE = YES_ERROR;
				CLANG_WARN_DOCUMENTATION_COMMENTS = YES;
				CLANG_WARN_EMPTY_BODY = YES;
				CLANG_WARN_ENUM_CONVERSION = YES;
				CLANG_WARN_INFINITE_RECURSION = YES;
				CLANG_WARN_INT_CONVERSION = YES;
				CLANG_WARN_NON_LITERAL_NULL_CONVERSION = YES;
				CLANG_WARN_OBJC_IMPLICIT_RETAIN_SELF = YES;
				CLANG_WARN_OBJC_LITERAL_CONVERSION = YES;
				CLANG_WARN_OBJC_ROOT_CLASS = YES_ERROR;
				CLANG_WARN_QUOTED_INCLUDE_IN_FRAMEWORK_HEADER = YES;
				CLANG_WARN_RANGE_LOOP_ANALYSIS = YES;
				CLANG_WARN_STRICT_PROTOTYPES = YES;
				CLANG_WARN_SUSPICIOUS_MOVE = YES;
				CLANG_WARN_UNGUARDED_AVAILABILITY = YES_AGGRESSIVE;
				CLANG_WARN_UNREACHABLE_CODE = YES;
				CLANG_WARN__DUPLICATE_METHOD_MATCH = YES;
				COPY_PHASE_STRIP = NO;
				DEBUG_INFORMATION_FORMAT = "dwarf-with-dsym";
				ENABLE_NS_ASSERTIONS = NO;
				ENABLE_STRICT_OBJC_MSGSEND = YES;
				GCC_C_LANGUAGE_STANDARD = gnu11;
				GCC_NO_COMMON_BLOCKS = YES;
				GCC_WARN_64_TO_32_BIT_CONVERSION = YES;
				GCC_WARN_ABOUT_RETURN_TYPE = YES_ERROR;
				GCC_WARN_UNDECLARED_SELECTOR = YES;
				GCC_WARN_UNINITIALIZED_AUTOS = YES_AGGRESSIVE;
				GCC_WARN_UNUSED_FUNCTION = YES;
				GCC_WARN_UNUSED_VARIABLE = YES;
				IPHONEOS_DEPLOYMENT_TARGET = 14.5;
				MTL_ENABLE_DEBUG_INFO = NO;
				MTL_FAST_MATH = YES;
				SDKROOT = iphoneos;
				SWIFT_COMPILATION_MODE = wholemodule;
				SWIFT_OPTIMIZATION_LEVEL = "-O";
				VALIDATE_PRODUCT = YES;
			};
			name = Release;
		};
		667BBBBE26E3FE3D00D474A8 /* Debug */ = {
			isa = XCBuildConfiguration;
			buildSettings = {
				ASSETCATALOG_COMPILER_APPICON_NAME = AppIcon;
				ASSETCATALOG_COMPILER_GLOBAL_ACCENT_COLOR_NAME = AccentColor;
				CODE_SIGN_STYLE = Automatic;
				DEVELOPMENT_ASSET_PATHS = "\"DragGestureApp/Preview Content\"";
				DEVELOPMENT_TEAM = 4M73CDEYFS;
				ENABLE_PREVIEWS = YES;
				INFOPLIST_FILE = DragGestureApp/Info.plist;
				IPHONEOS_DEPLOYMENT_TARGET = 14.0;
				LD_RUNPATH_SEARCH_PATHS = (
					"$(inherited)",
					"@executable_path/Frameworks",
				);
				PRODUCT_BUNDLE_IDENTIFIER = com.dniosdev.DragGestureApp;
				PRODUCT_NAME = "$(TARGET_NAME)";
				SWIFT_VERSION = 5.0;
				TARGETED_DEVICE_FAMILY = "1,2";
			};
			name = Debug;
		};
		667BBBBF26E3FE3D00D474A8 /* Release */ = {
			isa = XCBuildConfiguration;
			buildSettings = {
				ASSETCATALOG_COMPILER_APPICON_NAME = AppIcon;
				ASSETCATALOG_COMPILER_GLOBAL_ACCENT_COLOR_NAME = AccentColor;
				CODE_SIGN_STYLE = Automatic;
				DEVELOPMENT_ASSET_PATHS = "\"DragGestureApp/Preview Content\"";
				DEVELOPMENT_TEAM = 4M73CDEYFS;
				ENABLE_PREVIEWS = YES;
				INFOPLIST_FILE = DragGestureApp/Info.plist;
				IPHONEOS_DEPLOYMENT_TARGET = 14.0;
				LD_RUNPATH_SEARCH_PATHS = (
					"$(inherited)",
					"@executable_path/Frameworks",
				);
				PRODUCT_BUNDLE_IDENTIFIER = com.dniosdev.DragGestureApp;
				PRODUCT_NAME = "$(TARGET_NAME)";
				SWIFT_VERSION = 5.0;
				TARGETED_DEVICE_FAMILY = "1,2";
			};
			name = Release;
		};
/* End XCBuildConfiguration section */

/* Begin XCConfigurationList section */
		667BBBA926E3FE3B00D474A8 /* Build configuration list for PBXProject "DragGestureApp" */ = {
			isa = XCConfigurationList;
			buildConfigurations = (
				667BBBBB26E3FE3D00D474A8 /* Debug */,
				667BBBBC26E3FE3D00D474A8 /* Release */,
			);
			defaultConfigurationIsVisible = 0;
			defaultConfigurationName = Release;
		};
		667BBBBD26E3FE3D00D474A8 /* Build configuration list for PBXNativeTarget "DragGestureApp" */ = {
			isa = XCConfigurationList;
			buildConfigurations = (
				667BBBBE26E3FE3D00D474A8 /* Debug */,
				667BBBBF26E3FE3D00D474A8 /* Release */,
			);
			defaultConfigurationIsVisible = 0;
			defaultConfigurationName = Release;
		};
/* End XCConfigurationList section */
	};
	rootObject = 667BBBA626E3FE3B00D474A8 /* Project object */;
}
